
Microsoft Visual Studio Solution File, Format Version 12.00
# Visual Studio Version 16
VisualStudioVersion = 16.0.29709.97
MinimumVisualStudioVersion = 10.0.40219.1
Project("{9A19103F-16F7-4668-BE54-9A1E7A4F7556}") = "IF.Manager.Main", "IF.Manager.Main\IF.Manager.Main.csproj", "{496AF009-BF63-4537-A29B-FAA709C81B95}"
EndProject
Project("{9A19103F-16F7-4668-BE54-9A1E7A4F7556}") = "IF.Manager.Entity", "IF.Manager.Entity\IF.Manager.Entity.csproj", "{91A9735E-4AA9-4829-8CB3-5E64C5CA26FE}"
EndProject
Project("{9A19103F-16F7-4668-BE54-9A1E7A4F7556}") = "IF.Manager.Model", "IF.Manager.Model\IF.Manager.Model.csproj", "{1C55E000-28E9-4002-9FAB-EB873B74E70A}"
EndProject
Project("{2150E333-8FDC-42A3-9474-1A3956D46DE8}") = "Managers", "Managers", "{80F58AA5-4ED2-4BDE-BB29-09C258501738}"
EndProject
Project("{9A19103F-16F7-4668-BE54-9A1E7A4F7556}") = "IF.Manager.Service", "IF.Manager.Service\IF.Manager.Service.csproj", "{28E92365-F3ED-46FB-9901-8C9A0B52CE09}"
EndProject
Project("{9A19103F-16F7-4668-BE54-9A1E7A4F7556}") = "IF.Manager.Project", "IF.Manager.Project\IF.Manager.Project.csproj", "{98D02428-66D1-4C7F-ADD0-7CDDDEF7B2A5}"
EndProject
Project("{9A19103F-16F7-4668-BE54-9A1E7A4F7556}") = "PlayGround", "PlayGround\PlayGround.csproj", "{D54F27B3-50AF-41F5-AE85-7CF8710BB681}"
EndProject
Project("{9A19103F-16F7-4668-BE54-9A1E7A4F7556}") = "IF.Manager.Process", "IF.Manager.Process\IF.Manager.Process.csproj", "{F38E0EED-A25D-41A6-BF07-062BA34F0180}"
EndProject
Project("{9A19103F-16F7-4668-BE54-9A1E7A4F7556}") = "IF.Manager.Query", "IF.Query.Manager\IF.Manager.Query.csproj", "{8348E3FD-B984-4506-894B-815C7476BA2F}"
EndProject
Project("{9A19103F-16F7-4668-BE54-9A1E7A4F7556}") = "IF.Manager.Command", "IF.Manager.Command\IF.Manager.Command.csproj", "{4C502C60-7FBB-42F3-91C0-149DF13CD2A9}"
EndProject
Project("{9A19103F-16F7-4668-BE54-9A1E7A4F7556}") = "IF.Manager.Page", "IF.Manager.Page\IF.Manager.Page.csproj", "{64B3AFAB-3DA4-41FB-9030-8DF28C43DF52}"
EndProject
Global
	GlobalSection(SolutionConfigurationPlatforms) = preSolution
		Debug|Any CPU = Debug|Any CPU
		Release|Any CPU = Release|Any CPU
	EndGlobalSection
	GlobalSection(ProjectConfigurationPlatforms) = postSolution
		{496AF009-BF63-4537-A29B-FAA709C81B95}.Debug|Any CPU.ActiveCfg = Debug|Any CPU
		{496AF009-BF63-4537-A29B-FAA709C81B95}.Debug|Any CPU.Build.0 = Debug|Any CPU
		{496AF009-BF63-4537-A29B-FAA709C81B95}.Release|Any CPU.ActiveCfg = Release|Any CPU
		{496AF009-BF63-4537-A29B-FAA709C81B95}.Release|Any CPU.Build.0 = Release|Any CPU
		{91A9735E-4AA9-4829-8CB3-5E64C5CA26FE}.Debug|Any CPU.ActiveCfg = Debug|Any CPU
		{91A9735E-4AA9-4829-8CB3-5E64C5CA26FE}.Debug|Any CPU.Build.0 = Debug|Any CPU
		{91A9735E-4AA9-4829-8CB3-5E64C5CA26FE}.Release|Any CPU.ActiveCfg = Release|Any CPU
		{91A9735E-4AA9-4829-8CB3-5E64C5CA26FE}.Release|Any CPU.Build.0 = Release|Any CPU
		{1C55E000-28E9-4002-9FAB-EB873B74E70A}.Debug|Any CPU.ActiveCfg = Debug|Any CPU
		{1C55E000-28E9-4002-9FAB-EB873B74E70A}.Debug|Any CPU.Build.0 = Debug|Any CPU
		{1C55E000-28E9-4002-9FAB-EB873B74E70A}.Release|Any CPU.ActiveCfg = Release|Any CPU
		{1C55E000-28E9-4002-9FAB-EB873B74E70A}.Release|Any CPU.Build.0 = Release|Any CPU
		{28E92365-F3ED-46FB-9901-8C9A0B52CE09}.Debug|Any CPU.ActiveCfg = Debug|Any CPU
		{28E92365-F3ED-46FB-9901-8C9A0B52CE09}.Debug|Any CPU.Build.0 = Debug|Any CPU
		{28E92365-F3ED-46FB-9901-8C9A0B52CE09}.Release|Any CPU.ActiveCfg = Release|Any CPU
		{28E92365-F3ED-46FB-9901-8C9A0B52CE09}.Release|Any CPU.Build.0 = Release|Any CPU
		{98D02428-66D1-4C7F-ADD0-7CDDDEF7B2A5}.Debug|Any CPU.ActiveCfg = Debug|Any CPU
		{98D02428-66D1-4C7F-ADD0-7CDDDEF7B2A5}.Debug|Any CPU.Build.0 = Debug|Any CPU
		{98D02428-66D1-4C7F-ADD0-7CDDDEF7B2A5}.Release|Any CPU.ActiveCfg = Release|Any CPU
		{98D02428-66D1-4C7F-ADD0-7CDDDEF7B2A5}.Release|Any CPU.Build.0 = Release|Any CPU
		{D54F27B3-50AF-41F5-AE85-7CF8710BB681}.Debug|Any CPU.ActiveCfg = Debug|Any CPU
		{D54F27B3-50AF-41F5-AE85-7CF8710BB681}.Debug|Any CPU.Build.0 = Debug|Any CPU
		{D54F27B3-50AF-41F5-AE85-7CF8710BB681}.Release|Any CPU.ActiveCfg = Release|Any CPU
		{D54F27B3-50AF-41F5-AE85-7CF8710BB681}.Release|Any CPU.Build.0 = Release|Any CPU
		{F38E0EED-A25D-41A6-BF07-062BA34F0180}.Debug|Any CPU.ActiveCfg = Debug|Any CPU
		{F38E0EED-A25D-41A6-BF07-062BA34F0180}.Debug|Any CPU.Build.0 = Debug|Any CPU
		{F38E0EED-A25D-41A6-BF07-062BA34F0180}.Release|Any CPU.ActiveCfg = Release|Any CPU
		{F38E0EED-A25D-41A6-BF07-062BA34F0180}.Release|Any CPU.Build.0 = Release|Any CPU
		{8348E3FD-B984-4506-894B-815C7476BA2F}.Debug|Any CPU.ActiveCfg = Debug|Any CPU
		{8348E3FD-B984-4506-894B-815C7476BA2F}.Debug|Any CPU.Build.0 = Debug|Any CPU
		{8348E3FD-B984-4506-894B-815C7476BA2F}.Release|Any CPU.ActiveCfg = Release|Any CPU
		{8348E3FD-B984-4506-894B-815C7476BA2F}.Release|Any CPU.Build.0 = Release|Any CPU
		{4C502C60-7FBB-42F3-91C0-149DF13CD2A9}.Debug|Any CPU.ActiveCfg = Debug|Any CPU
		{4C502C60-7FBB-42F3-91C0-149DF13CD2A9}.Debug|Any CPU.Build.0 = Debug|Any CPU
		{4C502C60-7FBB-42F3-91C0-149DF13CD2A9}.Release|Any CPU.ActiveCfg = Release|Any CPU
		{4C502C60-7FBB-42F3-91C0-149DF13CD2A9}.Release|Any CPU.Build.0 = Release|Any CPU
		{64B3AFAB-3DA4-41FB-9030-8DF28C43DF52}.Debug|Any CPU.ActiveCfg = Debug|Any CPU
		{64B3AFAB-3DA4-41FB-9030-8DF28C43DF52}.Debug|Any CPU.Build.0 = Debug|Any CPU
		{64B3AFAB-3DA4-41FB-9030-8DF28C43DF52}.Release|Any CPU.ActiveCfg = Release|Any CPU
		{64B3AFAB-3DA4-41FB-9030-8DF28C43DF52}.Release|Any CPU.Build.0 = Release|Any CPU
	EndGlobalSection
	GlobalSection(SolutionProperties) = preSolution
		HideSolutionNode = FALSE
	EndGlobalSection
	GlobalSection(NestedProjects) = preSolution
		{91A9735E-4AA9-4829-8CB3-5E64C5CA26FE} = {80F58AA5-4ED2-4BDE-BB29-09C258501738}
		{1C55E000-28E9-4002-9FAB-EB873B74E70A} = {80F58AA5-4ED2-4BDE-BB29-09C258501738}
		{98D02428-66D1-4C7F-ADD0-7CDDDEF7B2A5} = {80F58AA5-4ED2-4BDE-BB29-09C258501738}
		{F38E0EED-A25D-41A6-BF07-062BA34F0180} = {80F58AA5-4ED2-4BDE-BB29-09C258501738}
		{8348E3FD-B984-4506-894B-815C7476BA2F} = {80F58AA5-4ED2-4BDE-BB29-09C258501738}
		{4C502C60-7FBB-42F3-91C0-149DF13CD2A9} = {80F58AA5-4ED2-4BDE-BB29-09C258501738}
		{64B3AFAB-3DA4-41FB-9030-8DF28C43DF52} = {80F58AA5-4ED2-4BDE-BB29-09C258501738}
	EndGlobalSection
	GlobalSection(ExtensibilityGlobals) = postSolution
		SolutionGuid = {CF856454-F429-4275-8D53-1EF3438C1BDF}
	EndGlobalSection
EndGlobal
